
Microsoft Visual Studio Solution File, Format Version 12.00
# Visual Studio Version 17
VisualStudioVersion = 17.10.34902.84
MinimumVisualStudioVersion = 10.0.40219.1
Project("{FAE04EC0-301F-11D3-BF4B-00C04F79EFBC}") = "PrimeAndCompositeNumber", "PrimeAndCompositeNumber\PrimeAndCompositeNumber.csproj", "{80C5E047-A9B2-40FC-BB15-CB5D064F2A0F}"
EndProject
Global
	GlobalSection(SolutionConfigurationPlatforms) = preSolution
		Debug|Any CPU = Debug|Any CPU
		Release|Any CPU = Release|Any CPU
	EndGlobalSection
	GlobalSection(ProjectConfigurationPlatforms) = postSolution
		{80C5E047-A9B2-40FC-BB15-CB5D064F2A0F}.Debug|Any CPU.ActiveCfg = Debug|Any CPU
		{80C5E047-A9B2-40FC-BB15-CB5D064F2A0F}.Debug|Any CPU.Build.0 = Debug|Any CPU
		{80C5E047-A9B2-40FC-BB15-CB5D064F2A0F}.Release|Any CPU.ActiveCfg = Release|Any CPU
		{80C5E047-A9B2-40FC-BB15-CB5D064F2A0F}.Release|Any CPU.Build.0 = Release|Any CPU
	EndGlobalSection
	GlobalSection(SolutionProperties) = preSolution
		HideSolutionNode = FALSE
	EndGlobalSection
	GlobalSection(ExtensibilityGlobals) = postSolution
		SolutionGuid = {602AE151-E004-4A23-8B6E-1A11CBCBF813}
	EndGlobalSection
EndGlobal
