
Microsoft Visual Studio Solution File, Format Version 12.00
# Visual Studio Version 17
VisualStudioVersion = 17.10.34902.84
MinimumVisualStudioVersion = 10.0.40219.1
Project("{FAE04EC0-301F-11D3-BF4B-00C04F79EFBC}") = "PB201taskİlaha", "PB201taskİlaha\PB201taskİlaha.csproj", "{79F5938D-46FB-44BA-A274-178A927A2A01}"
EndProject
Global
	GlobalSection(SolutionConfigurationPlatforms) = preSolution
		Debug|Any CPU = Debug|Any CPU
		Release|Any CPU = Release|Any CPU
	EndGlobalSection
	GlobalSection(ProjectConfigurationPlatforms) = postSolution
		{79F5938D-46FB-44BA-A274-178A927A2A01}.Debug|Any CPU.ActiveCfg = Debug|Any CPU
		{79F5938D-46FB-44BA-A274-178A927A2A01}.Debug|Any CPU.Build.0 = Debug|Any CPU
		{79F5938D-46FB-44BA-A274-178A927A2A01}.Release|Any CPU.ActiveCfg = Release|Any CPU
		{79F5938D-46FB-44BA-A274-178A927A2A01}.Release|Any CPU.Build.0 = Release|Any CPU
	EndGlobalSection
	GlobalSection(SolutionProperties) = preSolution
		HideSolutionNode = FALSE
	EndGlobalSection
	GlobalSection(ExtensibilityGlobals) = postSolution
		SolutionGuid = {B85DDD14-58DD-46BC-9A73-7B7835C642BF}
	EndGlobalSection
EndGlobal
